
Microsoft Visual Studio Solution File, Format Version 12.00
# Visual Studio 15
VisualStudioVersion = 15.0.26124.0
MinimumVisualStudioVersion = 15.0.26124.0
Project("{FAE04EC0-301F-11D3-BF4B-00C04F79EFBC}") = "CFDI", "CFDI\CFDI.csproj", "{ABDF9A4A-B492-4890-8C0F-A8E655153FDD}"
EndProject
Project("{FAE04EC0-301F-11D3-BF4B-00C04F79EFBC}") = "CFDI.Test", "CFDI.Test\CFDI.Test.csproj", "{EC438B22-0B22-44A9-A596-A39B532A5472}"
EndProject
Global
	GlobalSection(SolutionConfigurationPlatforms) = preSolution
		Debug|Any CPU = Debug|Any CPU
		Debug|x64 = Debug|x64
		Debug|x86 = Debug|x86
		Release|Any CPU = Release|Any CPU
		Release|x64 = Release|x64
		Release|x86 = Release|x86
	EndGlobalSection
	GlobalSection(SolutionProperties) = preSolution
		HideSolutionNode = FALSE
	EndGlobalSection
	GlobalSection(ProjectConfigurationPlatforms) = postSolution
		{ABDF9A4A-B492-4890-8C0F-A8E655153FDD}.Debug|Any CPU.ActiveCfg = Debug|Any CPU
		{ABDF9A4A-B492-4890-8C0F-A8E655153FDD}.Debug|Any CPU.Build.0 = Debug|Any CPU
		{ABDF9A4A-B492-4890-8C0F-A8E655153FDD}.Debug|x64.ActiveCfg = Debug|Any CPU
		{ABDF9A4A-B492-4890-8C0F-A8E655153FDD}.Debug|x64.Build.0 = Debug|Any CPU
		{ABDF9A4A-B492-4890-8C0F-A8E655153FDD}.Debug|x86.ActiveCfg = Debug|Any CPU
		{ABDF9A4A-B492-4890-8C0F-A8E655153FDD}.Debug|x86.Build.0 = Debug|Any CPU
		{ABDF9A4A-B492-4890-8C0F-A8E655153FDD}.Release|Any CPU.ActiveCfg = Release|Any CPU
		{ABDF9A4A-B492-4890-8C0F-A8E655153FDD}.Release|Any CPU.Build.0 = Release|Any CPU
		{ABDF9A4A-B492-4890-8C0F-A8E655153FDD}.Release|x64.ActiveCfg = Release|Any CPU
		{ABDF9A4A-B492-4890-8C0F-A8E655153FDD}.Release|x64.Build.0 = Release|Any CPU
		{ABDF9A4A-B492-4890-8C0F-A8E655153FDD}.Release|x86.ActiveCfg = Release|Any CPU
		{ABDF9A4A-B492-4890-8C0F-A8E655153FDD}.Release|x86.Build.0 = Release|Any CPU
		{EC438B22-0B22-44A9-A596-A39B532A5472}.Debug|Any CPU.ActiveCfg = Debug|Any CPU
		{EC438B22-0B22-44A9-A596-A39B532A5472}.Debug|Any CPU.Build.0 = Debug|Any CPU
		{EC438B22-0B22-44A9-A596-A39B532A5472}.Debug|x64.ActiveCfg = Debug|Any CPU
		{EC438B22-0B22-44A9-A596-A39B532A5472}.Debug|x64.Build.0 = Debug|Any CPU
		{EC438B22-0B22-44A9-A596-A39B532A5472}.Debug|x86.ActiveCfg = Debug|Any CPU
		{EC438B22-0B22-44A9-A596-A39B532A5472}.Debug|x86.Build.0 = Debug|Any CPU
		{EC438B22-0B22-44A9-A596-A39B532A5472}.Release|Any CPU.ActiveCfg = Release|Any CPU
		{EC438B22-0B22-44A9-A596-A39B532A5472}.Release|Any CPU.Build.0 = Release|Any CPU
		{EC438B22-0B22-44A9-A596-A39B532A5472}.Release|x64.ActiveCfg = Release|Any CPU
		{EC438B22-0B22-44A9-A596-A39B532A5472}.Release|x64.Build.0 = Release|Any CPU
		{EC438B22-0B22-44A9-A596-A39B532A5472}.Release|x86.ActiveCfg = Release|Any CPU
		{EC438B22-0B22-44A9-A596-A39B532A5472}.Release|x86.Build.0 = Release|Any CPU
	EndGlobalSection
EndGlobal
